
Microsoft Visual Studio Solution File, Format Version 12.00
# Visual Studio Version 17
VisualStudioVersion = 17.2.32516.85
MinimumVisualStudioVersion = 10.0.40219.1
Project("{FAE04EC0-301F-11D3-BF4B-00C04F79EFBC}") = "WindowsGuide-EFGetStarted", "WindowsGuide-EFGetStarted\WindowsGuide-EFGetStarted.csproj", "{0632BE4C-C21E-4BB6-8B56-A12D66C9508F}"
EndProject
Global
	GlobalSection(SolutionConfigurationPlatforms) = preSolution
		Debug|Any CPU = Debug|Any CPU
		Release|Any CPU = Release|Any CPU
	EndGlobalSection
	GlobalSection(ProjectConfigurationPlatforms) = postSolution
		{0632BE4C-C21E-4BB6-8B56-A12D66C9508F}.Debug|Any CPU.ActiveCfg = Debug|Any CPU
		{0632BE4C-C21E-4BB6-8B56-A12D66C9508F}.Debug|Any CPU.Build.0 = Debug|Any CPU
		{0632BE4C-C21E-4BB6-8B56-A12D66C9508F}.Release|Any CPU.ActiveCfg = Release|Any CPU
		{0632BE4C-C21E-4BB6-8B56-A12D66C9508F}.Release|Any CPU.Build.0 = Release|Any CPU
	EndGlobalSection
	GlobalSection(SolutionProperties) = preSolution
		HideSolutionNode = FALSE
	EndGlobalSection
	GlobalSection(ExtensibilityGlobals) = postSolution
		SolutionGuid = {2AB83839-D4BB-4F8A-A954-86E6B534387E}
	EndGlobalSection
EndGlobal
